
Microsoft Visual Studio Solution File, Format Version 12.00
# Visual Studio Version 16
VisualStudioVersion = 16.0.29306.81
MinimumVisualStudioVersion = 10.0.40219.1
Project("{9A19103F-16F7-4668-BE54-9A1E7A4F7556}") = "Celebratexp", "Celebratexp\Celebratexp\Celebratexp.csproj", "{B2BFD36A-C6FA-4A6F-AF94-5D0FF3D76CDC}"
EndProject
Project("{FAE04EC0-301F-11D3-BF4B-00C04F79EFBC}") = "Celebratexp.Android", "Celebratexp\Celebratexp.Android\Celebratexp.Android.csproj", "{7E1098DB-BEFE-45CD-B183-402541B745BF}"
EndProject
Project("{FAE04EC0-301F-11D3-BF4B-00C04F79EFBC}") = "Celebratexp.iOS", "Celebratexp\Celebratexp.iOS\Celebratexp.iOS.csproj", "{02F047CA-57CF-4745-BCC4-05B482B71FC3}"
EndProject
Project("{FAE04EC0-301F-11D3-BF4B-00C04F79EFBC}") = "Celebratexp.UWP", "Celebratexp\Celebratexp.UWP\Celebratexp.UWP.csproj", "{A263E3E0-E046-4E31-9024-7491884E89C9}"
EndProject
Project("{2150E333-8FDC-42A3-9474-1A3956D46DE8}") = "Solution Items", "Solution Items", "{60D689C6-6751-4FD9-9C87-3098A74C9452}"
EndProject
Global
	GlobalSection(SolutionConfigurationPlatforms) = preSolution
		Ad-Hoc|Any CPU = Ad-Hoc|Any CPU
		Ad-Hoc|ARM = Ad-Hoc|ARM
		Ad-Hoc|iPhone = Ad-Hoc|iPhone
		Ad-Hoc|iPhoneSimulator = Ad-Hoc|iPhoneSimulator
		Ad-Hoc|x64 = Ad-Hoc|x64
		Ad-Hoc|x86 = Ad-Hoc|x86
		AppStore|Any CPU = AppStore|Any CPU
		AppStore|ARM = AppStore|ARM
		AppStore|iPhone = AppStore|iPhone
		AppStore|iPhoneSimulator = AppStore|iPhoneSimulator
		AppStore|x64 = AppStore|x64
		AppStore|x86 = AppStore|x86
		Debug|Any CPU = Debug|Any CPU
		Debug|ARM = Debug|ARM
		Debug|iPhone = Debug|iPhone
		Debug|iPhoneSimulator = Debug|iPhoneSimulator
		Debug|x64 = Debug|x64
		Debug|x86 = Debug|x86
		Release|Any CPU = Release|Any CPU
		Release|ARM = Release|ARM
		Release|iPhone = Release|iPhone
		Release|iPhoneSimulator = Release|iPhoneSimulator
		Release|x64 = Release|x64
		Release|x86 = Release|x86
	EndGlobalSection
	GlobalSection(ProjectConfigurationPlatforms) = postSolution
		{B2BFD36A-C6FA-4A6F-AF94-5D0FF3D76CDC}.Ad-Hoc|Any CPU.ActiveCfg = Debug|Any CPU
		{B2BFD36A-C6FA-4A6F-AF94-5D0FF3D76CDC}.Ad-Hoc|Any CPU.Build.0 = Debug|Any CPU
		{B2BFD36A-C6FA-4A6F-AF94-5D0FF3D76CDC}.Ad-Hoc|ARM.ActiveCfg = Debug|Any CPU
		{B2BFD36A-C6FA-4A6F-AF94-5D0FF3D76CDC}.Ad-Hoc|ARM.Build.0 = Debug|Any CPU
		{B2BFD36A-C6FA-4A6F-AF94-5D0FF3D76CDC}.Ad-Hoc|iPhone.ActiveCfg = Debug|Any CPU
		{B2BFD36A-C6FA-4A6F-AF94-5D0FF3D76CDC}.Ad-Hoc|iPhone.Build.0 = Debug|Any CPU
		{B2BFD36A-C6FA-4A6F-AF94-5D0FF3D76CDC}.Ad-Hoc|iPhoneSimulator.ActiveCfg = Debug|Any CPU
		{B2BFD36A-C6FA-4A6F-AF94-5D0FF3D76CDC}.Ad-Hoc|iPhoneSimulator.Build.0 = Debug|Any CPU
		{B2BFD36A-C6FA-4A6F-AF94-5D0FF3D76CDC}.Ad-Hoc|x64.ActiveCfg = Debug|Any CPU
		{B2BFD36A-C6FA-4A6F-AF94-5D0FF3D76CDC}.Ad-Hoc|x64.Build.0 = Debug|Any CPU
		{B2BFD36A-C6FA-4A6F-AF94-5D0FF3D76CDC}.Ad-Hoc|x86.ActiveCfg = Debug|Any CPU
		{B2BFD36A-C6FA-4A6F-AF94-5D0FF3D76CDC}.Ad-Hoc|x86.Build.0 = Debug|Any CPU
		{B2BFD36A-C6FA-4A6F-AF94-5D0FF3D76CDC}.AppStore|Any CPU.ActiveCfg = Debug|Any CPU
		{B2BFD36A-C6FA-4A6F-AF94-5D0FF3D76CDC}.AppStore|Any CPU.Build.0 = Debug|Any CPU
		{B2BFD36A-C6FA-4A6F-AF94-5D0FF3D76CDC}.AppStore|ARM.ActiveCfg = Debug|Any CPU
		{B2BFD36A-C6FA-4A6F-AF94-5D0FF3D76CDC}.AppStore|ARM.Build.0 = Debug|Any CPU
		{B2BFD36A-C6FA-4A6F-AF94-5D0FF3D76CDC}.AppStore|iPhone.ActiveCfg = Debug|Any CPU
		{B2BFD36A-C6FA-4A6F-AF94-5D0FF3D76CDC}.AppStore|iPhone.Build.0 = Debug|Any CPU
		{B2BFD36A-C6FA-4A6F-AF94-5D0FF3D76CDC}.AppStore|iPhoneSimulator.ActiveCfg = Debug|Any CPU
		{B2BFD36A-C6FA-4A6F-AF94-5D0FF3D76CDC}.AppStore|iPhoneSimulator.Build.0 = Debug|Any CPU
		{B2BFD36A-C6FA-4A6F-AF94-5D0FF3D76CDC}.AppStore|x64.ActiveCfg = Debug|Any CPU
		{B2BFD36A-C6FA-4A6F-AF94-5D0FF3D76CDC}.AppStore|x64.Build.0 = Debug|Any CPU
		{B2BFD36A-C6FA-4A6F-AF94-5D0FF3D76CDC}.AppStore|x86.ActiveCfg = Debug|Any CPU
		{B2BFD36A-C6FA-4A6F-AF94-5D0FF3D76CDC}.AppStore|x86.Build.0 = Debug|Any CPU
		{B2BFD36A-C6FA-4A6F-AF94-5D0FF3D76CDC}.Debug|Any CPU.ActiveCfg = Debug|Any CPU
		{B2BFD36A-C6FA-4A6F-AF94-5D0FF3D76CDC}.Debug|Any CPU.Build.0 = Debug|Any CPU
		{B2BFD36A-C6FA-4A6F-AF94-5D0FF3D76CDC}.Debug|ARM.ActiveCfg = Debug|Any CPU
		{B2BFD36A-C6FA-4A6F-AF94-5D0FF3D76CDC}.Debug|ARM.Build.0 = Debug|Any CPU
		{B2BFD36A-C6FA-4A6F-AF94-5D0FF3D76CDC}.Debug|iPhone.ActiveCfg = Debug|Any CPU
		{B2BFD36A-C6FA-4A6F-AF94-5D0FF3D76CDC}.Debug|iPhone.Build.0 = Debug|Any CPU
		{B2BFD36A-C6FA-4A6F-AF94-5D0FF3D76CDC}.Debug|iPhoneSimulator.ActiveCfg = Debug|Any CPU
		{B2BFD36A-C6FA-4A6F-AF94-5D0FF3D76CDC}.Debug|iPhoneSimulator.Build.0 = Debug|Any CPU
		{B2BFD36A-C6FA-4A6F-AF94-5D0FF3D76CDC}.Debug|x64.ActiveCfg = Debug|Any CPU
		{B2BFD36A-C6FA-4A6F-AF94-5D0FF3D76CDC}.Debug|x64.Build.0 = Debug|Any CPU
		{B2BFD36A-C6FA-4A6F-AF94-5D0FF3D76CDC}.Debug|x86.ActiveCfg = Debug|Any CPU
		{B2BFD36A-C6FA-4A6F-AF94-5D0FF3D76CDC}.Debug|x86.Build.0 = Debug|Any CPU
		{B2BFD36A-C6FA-4A6F-AF94-5D0FF3D76CDC}.Release|Any CPU.ActiveCfg = Release|Any CPU
		{B2BFD36A-C6FA-4A6F-AF94-5D0FF3D76CDC}.Release|Any CPU.Build.0 = Release|Any CPU
		{B2BFD36A-C6FA-4A6F-AF94-5D0FF3D76CDC}.Release|ARM.ActiveCfg = Release|Any CPU
		{B2BFD36A-C6FA-4A6F-AF94-5D0FF3D76CDC}.Release|ARM.Build.0 = Release|Any CPU
		{B2BFD36A-C6FA-4A6F-AF94-5D0FF3D76CDC}.Release|iPhone.ActiveCfg = Release|Any CPU
		{B2BFD36A-C6FA-4A6F-AF94-5D0FF3D76CDC}.Release|iPhone.Build.0 = Release|Any CPU
		{B2BFD36A-C6FA-4A6F-AF94-5D0FF3D76CDC}.Release|iPhoneSimulator.ActiveCfg = Release|Any CPU
		{B2BFD36A-C6FA-4A6F-AF94-5D0FF3D76CDC}.Release|iPhoneSimulator.Build.0 = Release|Any CPU
		{B2BFD36A-C6FA-4A6F-AF94-5D0FF3D76CDC}.Release|x64.ActiveCfg = Release|Any CPU
		{B2BFD36A-C6FA-4A6F-AF94-5D0FF3D76CDC}.Release|x64.Build.0 = Release|Any CPU
		{B2BFD36A-C6FA-4A6F-AF94-5D0FF3D76CDC}.Release|x86.ActiveCfg = Release|Any CPU
		{B2BFD36A-C6FA-4A6F-AF94-5D0FF3D76CDC}.Release|x86.Build.0 = Release|Any CPU
		{7E1098DB-BEFE-45CD-B183-402541B745BF}.Ad-Hoc|Any CPU.ActiveCfg = Release|Any CPU
		{7E1098DB-BEFE-45CD-B183-402541B745BF}.Ad-Hoc|Any CPU.Build.0 = Release|Any CPU
		{7E1098DB-BEFE-45CD-B183-402541B745BF}.Ad-Hoc|Any CPU.Deploy.0 = Release|Any CPU
		{7E1098DB-BEFE-45CD-B183-402541B745BF}.Ad-Hoc|ARM.ActiveCfg = Release|Any CPU
		{7E1098DB-BEFE-45CD-B183-402541B745BF}.Ad-Hoc|ARM.Build.0 = Release|Any CPU
		{7E1098DB-BEFE-45CD-B183-402541B745BF}.Ad-Hoc|ARM.Deploy.0 = Release|Any CPU
		{7E1098DB-BEFE-45CD-B183-402541B745BF}.Ad-Hoc|iPhone.ActiveCfg = Release|Any CPU
		{7E1098DB-BEFE-45CD-B183-402541B745BF}.Ad-Hoc|iPhone.Build.0 = Release|Any CPU
		{7E1098DB-BEFE-45CD-B183-402541B745BF}.Ad-Hoc|iPhone.Deploy.0 = Release|Any CPU
		{7E1098DB-BEFE-45CD-B183-402541B745BF}.Ad-Hoc|iPhoneSimulator.ActiveCfg = Release|Any CPU
		{7E1098DB-BEFE-45CD-B183-402541B745BF}.Ad-Hoc|iPhoneSimulator.Build.0 = Release|Any CPU
		{7E1098DB-BEFE-45CD-B183-402541B745BF}.Ad-Hoc|iPhoneSimulator.Deploy.0 = Release|Any CPU
		{7E1098DB-BEFE-45CD-B183-402541B745BF}.Ad-Hoc|x64.ActiveCfg = Release|Any CPU
		{7E1098DB-BEFE-45CD-B183-402541B745BF}.Ad-Hoc|x64.Build.0 = Release|Any CPU
		{7E1098DB-BEFE-45CD-B183-402541B745BF}.Ad-Hoc|x64.Deploy.0 = Release|Any CPU
		{7E1098DB-BEFE-45CD-B183-402541B745BF}.Ad-Hoc|x86.ActiveCfg = Release|Any CPU
		{7E1098DB-BEFE-45CD-B183-402541B745BF}.Ad-Hoc|x86.Build.0 = Release|Any CPU
		{7E1098DB-BEFE-45CD-B183-402541B745BF}.Ad-Hoc|x86.Deploy.0 = Release|Any CPU
		{7E1098DB-BEFE-45CD-B183-402541B745BF}.AppStore|Any CPU.ActiveCfg = Release|Any CPU
		{7E1098DB-BEFE-45CD-B183-402541B745BF}.AppStore|Any CPU.Build.0 = Release|Any CPU
		{7E1098DB-BEFE-45CD-B183-402541B745BF}.AppStore|Any CPU.Deploy.0 = Release|Any CPU
		{7E1098DB-BEFE-45CD-B183-402541B745BF}.AppStore|ARM.ActiveCfg = Release|Any CPU
		{7E1098DB-BEFE-45CD-B183-402541B745BF}.AppStore|ARM.Build.0 = Release|Any CPU
		{7E1098DB-BEFE-45CD-B183-402541B745BF}.AppStore|ARM.Deploy.0 = Release|Any CPU
		{7E1098DB-BEFE-45CD-B183-402541B745BF}.AppStore|iPhone.ActiveCfg = Release|Any CPU
		{7E1098DB-BEFE-45CD-B183-402541B745BF}.AppStore|iPhone.Build.0 = Release|Any CPU
		{7E1098DB-BEFE-45CD-B183-402541B745BF}.AppStore|iPhone.Deploy.0 = Release|Any CPU
		{7E1098DB-BEFE-45CD-B183-402541B745BF}.AppStore|iPhoneSimulator.ActiveCfg = Release|Any CPU
		{7E1098DB-BEFE-45CD-B183-402541B745BF}.AppStore|iPhoneSimulator.Build.0 = Release|Any CPU
		{7E1098DB-BEFE-45CD-B183-402541B745BF}.AppStore|iPhoneSimulator.Deploy.0 = Release|Any CPU
		{7E1098DB-BEFE-45CD-B183-402541B745BF}.AppStore|x64.ActiveCfg = Release|Any CPU
		{7E1098DB-BEFE-45CD-B183-402541B745BF}.AppStore|x64.Build.0 = Release|Any CPU
		{7E1098DB-BEFE-45CD-B183-402541B745BF}.AppStore|x64.Deploy.0 = Release|Any CPU
		{7E1098DB-BEFE-45CD-B183-402541B745BF}.AppStore|x86.ActiveCfg = Release|Any CPU
		{7E1098DB-BEFE-45CD-B183-402541B745BF}.AppStore|x86.Build.0 = Release|Any CPU
		{7E1098DB-BEFE-45CD-B183-402541B745BF}.AppStore|x86.Deploy.0 = Release|Any CPU
		{7E1098DB-BEFE-45CD-B183-402541B745BF}.Debug|Any CPU.ActiveCfg = Debug|Any CPU
		{7E1098DB-BEFE-45CD-B183-402541B745BF}.Debug|Any CPU.Build.0 = Debug|Any CPU
		{7E1098DB-BEFE-45CD-B183-402541B745BF}.Debug|Any CPU.Deploy.0 = Debug|Any CPU
		{7E1098DB-BEFE-45CD-B183-402541B745BF}.Debug|ARM.ActiveCfg = Debug|Any CPU
		{7E1098DB-BEFE-45CD-B183-402541B745BF}.Debug|ARM.Build.0 = Debug|Any CPU
		{7E1098DB-BEFE-45CD-B183-402541B745BF}.Debug|ARM.Deploy.0 = Debug|Any CPU
		{7E1098DB-BEFE-45CD-B183-402541B745BF}.Debug|iPhone.ActiveCfg = Debug|Any CPU
		{7E1098DB-BEFE-45CD-B183-402541B745BF}.Debug|iPhone.Build.0 = Debug|Any CPU
		{7E1098DB-BEFE-45CD-B183-402541B745BF}.Debug|iPhone.Deploy.0 = Debug|Any CPU
		{7E1098DB-BEFE-45CD-B183-402541B745BF}.Debug|iPhoneSimulator.ActiveCfg = Debug|Any CPU
		{7E1098DB-BEFE-45CD-B183-402541B745BF}.Debug|iPhoneSimulator.Build.0 = Debug|Any CPU
		{7E1098DB-BEFE-45CD-B183-402541B745BF}.Debug|iPhoneSimulator.Deploy.0 = Debug|Any CPU
		{7E1098DB-BEFE-45CD-B183-402541B745BF}.Debug|x64.ActiveCfg = Debug|Any CPU
		{7E1098DB-BEFE-45CD-B183-402541B745BF}.Debug|x64.Build.0 = Debug|Any CPU
		{7E1098DB-BEFE-45CD-B183-402541B745BF}.Debug|x64.Deploy.0 = Debug|Any CPU
		{7E1098DB-BEFE-45CD-B183-402541B745BF}.Debug|x86.ActiveCfg = Debug|Any CPU
		{7E1098DB-BEFE-45CD-B183-402541B745BF}.Debug|x86.Build.0 = Debug|Any CPU
		{7E1098DB-BEFE-45CD-B183-402541B745BF}.Debug|x86.Deploy.0 = Debug|Any CPU
		{7E1098DB-BEFE-45CD-B183-402541B745BF}.Release|Any CPU.ActiveCfg = Release|Any CPU
		{7E1098DB-BEFE-45CD-B183-402541B745BF}.Release|Any CPU.Build.0 = Release|Any CPU
		{7E1098DB-BEFE-45CD-B183-402541B745BF}.Release|Any CPU.Deploy.0 = Release|Any CPU
		{7E1098DB-BEFE-45CD-B183-402541B745BF}.Release|ARM.ActiveCfg = Release|Any CPU
		{7E1098DB-BEFE-45CD-B183-402541B745BF}.Release|ARM.Build.0 = Release|Any CPU
		{7E1098DB-BEFE-45CD-B183-402541B745BF}.Release|ARM.Deploy.0 = Release|Any CPU
		{7E1098DB-BEFE-45CD-B183-402541B745BF}.Release|iPhone.ActiveCfg = Release|Any CPU
		{7E1098DB-BEFE-45CD-B183-402541B745BF}.Release|iPhone.Build.0 = Release|Any CPU
		{7E1098DB-BEFE-45CD-B183-402541B745BF}.Release|iPhone.Deploy.0 = Release|Any CPU
		{7E1098DB-BEFE-45CD-B183-402541B745BF}.Release|iPhoneSimulator.ActiveCfg = Release|Any CPU
		{7E1098DB-BEFE-45CD-B183-402541B745BF}.Release|iPhoneSimulator.Build.0 = Release|Any CPU
		{7E1098DB-BEFE-45CD-B183-402541B745BF}.Release|iPhoneSimulator.Deploy.0 = Release|Any CPU
		{7E1098DB-BEFE-45CD-B183-402541B745BF}.Release|x64.ActiveCfg = Release|Any CPU
		{7E1098DB-BEFE-45CD-B183-402541B745BF}.Release|x64.Build.0 = Release|Any CPU
		{7E1098DB-BEFE-45CD-B183-402541B745BF}.Release|x64.Deploy.0 = Release|Any CPU
		{7E1098DB-BEFE-45CD-B183-402541B745BF}.Release|x86.ActiveCfg = Release|Any CPU
		{7E1098DB-BEFE-45CD-B183-402541B745BF}.Release|x86.Build.0 = Release|Any CPU
		{7E1098DB-BEFE-45CD-B183-402541B745BF}.Release|x86.Deploy.0 = Release|Any CPU
		{02F047CA-57CF-4745-BCC4-05B482B71FC3}.Ad-Hoc|Any CPU.ActiveCfg = Ad-Hoc|iPhone
		{02F047CA-57CF-4745-BCC4-05B482B71FC3}.Ad-Hoc|ARM.ActiveCfg = Ad-Hoc|iPhone
		{02F047CA-57CF-4745-BCC4-05B482B71FC3}.Ad-Hoc|iPhone.ActiveCfg = Ad-Hoc|iPhone
		{02F047CA-57CF-4745-BCC4-05B482B71FC3}.Ad-Hoc|iPhone.Build.0 = Ad-Hoc|iPhone
		{02F047CA-57CF-4745-BCC4-05B482B71FC3}.Ad-Hoc|iPhoneSimulator.ActiveCfg = Ad-Hoc|iPhoneSimulator
		{02F047CA-57CF-4745-BCC4-05B482B71FC3}.Ad-Hoc|iPhoneSimulator.Build.0 = Ad-Hoc|iPhoneSimulator
		{02F047CA-57CF-4745-BCC4-05B482B71FC3}.Ad-Hoc|x64.ActiveCfg = Ad-Hoc|iPhone
		{02F047CA-57CF-4745-BCC4-05B482B71FC3}.Ad-Hoc|x86.ActiveCfg = Ad-Hoc|iPhone
		{02F047CA-57CF-4745-BCC4-05B482B71FC3}.AppStore|Any CPU.ActiveCfg = AppStore|iPhone
		{02F047CA-57CF-4745-BCC4-05B482B71FC3}.AppStore|ARM.ActiveCfg = AppStore|iPhone
		{02F047CA-57CF-4745-BCC4-05B482B71FC3}.AppStore|iPhone.ActiveCfg = AppStore|iPhone
		{02F047CA-57CF-4745-BCC4-05B482B71FC3}.AppStore|iPhone.Build.0 = AppStore|iPhone
		{02F047CA-57CF-4745-BCC4-05B482B71FC3}.AppStore|iPhoneSimulator.ActiveCfg = AppStore|iPhoneSimulator
		{02F047CA-57CF-4745-BCC4-05B482B71FC3}.AppStore|iPhoneSimulator.Build.0 = AppStore|iPhoneSimulator
		{02F047CA-57CF-4745-BCC4-05B482B71FC3}.AppStore|x64.ActiveCfg = AppStore|iPhone
		{02F047CA-57CF-4745-BCC4-05B482B71FC3}.AppStore|x86.ActiveCfg = AppStore|iPhone
		{02F047CA-57CF-4745-BCC4-05B482B71FC3}.Debug|Any CPU.ActiveCfg = Debug|iPhone
		{02F047CA-57CF-4745-BCC4-05B482B71FC3}.Debug|ARM.ActiveCfg = Debug|iPhone
		{02F047CA-57CF-4745-BCC4-05B482B71FC3}.Debug|iPhone.ActiveCfg = Debug|iPhone
		{02F047CA-57CF-4745-BCC4-05B482B71FC3}.Debug|iPhone.Build.0 = Debug|iPhone
		{02F047CA-57CF-4745-BCC4-05B482B71FC3}.Debug|iPhoneSimulator.ActiveCfg = Debug|iPhoneSimulator
		{02F047CA-57CF-4745-BCC4-05B482B71FC3}.Debug|iPhoneSimulator.Build.0 = Debug|iPhoneSimulator
		{02F047CA-57CF-4745-BCC4-05B482B71FC3}.Debug|x64.ActiveCfg = Debug|iPhone
		{02F047CA-57CF-4745-BCC4-05B482B71FC3}.Debug|x86.ActiveCfg = Debug|iPhone
		{02F047CA-57CF-4745-BCC4-05B482B71FC3}.Release|Any CPU.ActiveCfg = Release|iPhone
		{02F047CA-57CF-4745-BCC4-05B482B71FC3}.Release|ARM.ActiveCfg = Release|iPhone
		{02F047CA-57CF-4745-BCC4-05B482B71FC3}.Release|iPhone.ActiveCfg = Release|iPhone
		{02F047CA-57CF-4745-BCC4-05B482B71FC3}.Release|iPhone.Build.0 = Release|iPhone
		{02F047CA-57CF-4745-BCC4-05B482B71FC3}.Release|iPhoneSimulator.ActiveCfg = Release|iPhoneSimulator
		{02F047CA-57CF-4745-BCC4-05B482B71FC3}.Release|iPhoneSimulator.Build.0 = Release|iPhoneSimulator
		{02F047CA-57CF-4745-BCC4-05B482B71FC3}.Release|x64.ActiveCfg = Release|iPhone
		{02F047CA-57CF-4745-BCC4-05B482B71FC3}.Release|x86.ActiveCfg = Release|iPhone
		{A263E3E0-E046-4E31-9024-7491884E89C9}.Ad-Hoc|Any CPU.ActiveCfg = Release|x86
		{A263E3E0-E046-4E31-9024-7491884E89C9}.Ad-Hoc|Any CPU.Build.0 = Release|x86
		{A263E3E0-E046-4E31-9024-7491884E89C9}.Ad-Hoc|Any CPU.Deploy.0 = Release|x86
		{A263E3E0-E046-4E31-9024-7491884E89C9}.Ad-Hoc|ARM.ActiveCfg = Release|ARM
		{A263E3E0-E046-4E31-9024-7491884E89C9}.Ad-Hoc|ARM.Build.0 = Release|ARM
		{A263E3E0-E046-4E31-9024-7491884E89C9}.Ad-Hoc|ARM.Deploy.0 = Release|ARM
		{A263E3E0-E046-4E31-9024-7491884E89C9}.Ad-Hoc|iPhone.ActiveCfg = Release|x86
		{A263E3E0-E046-4E31-9024-7491884E89C9}.Ad-Hoc|iPhone.Build.0 = Release|x86
		{A263E3E0-E046-4E31-9024-7491884E89C9}.Ad-Hoc|iPhone.Deploy.0 = Release|x86
		{A263E3E0-E046-4E31-9024-7491884E89C9}.Ad-Hoc|iPhoneSimulator.ActiveCfg = Release|x86
		{A263E3E0-E046-4E31-9024-7491884E89C9}.Ad-Hoc|iPhoneSimulator.Build.0 = Release|x86
		{A263E3E0-E046-4E31-9024-7491884E89C9}.Ad-Hoc|iPhoneSimulator.Deploy.0 = Release|x86
		{A263E3E0-E046-4E31-9024-7491884E89C9}.Ad-Hoc|x64.ActiveCfg = Release|x64
		{A263E3E0-E046-4E31-9024-7491884E89C9}.Ad-Hoc|x64.Build.0 = Release|x64
		{A263E3E0-E046-4E31-9024-7491884E89C9}.Ad-Hoc|x64.Deploy.0 = Release|x64
		{A263E3E0-E046-4E31-9024-7491884E89C9}.Ad-Hoc|x86.ActiveCfg = Release|x86
		{A263E3E0-E046-4E31-9024-7491884E89C9}.Ad-Hoc|x86.Build.0 = Release|x86
		{A263E3E0-E046-4E31-9024-7491884E89C9}.Ad-Hoc|x86.Deploy.0 = Release|x86
		{A263E3E0-E046-4E31-9024-7491884E89C9}.AppStore|Any CPU.ActiveCfg = Release|x86
		{A263E3E0-E046-4E31-9024-7491884E89C9}.AppStore|Any CPU.Build.0 = Release|x86
		{A263E3E0-E046-4E31-9024-7491884E89C9}.AppStore|Any CPU.Deploy.0 = Release|x86
		{A263E3E0-E046-4E31-9024-7491884E89C9}.AppStore|ARM.ActiveCfg = Release|ARM
		{A263E3E0-E046-4E31-9024-7491884E89C9}.AppStore|ARM.Build.0 = Release|ARM
		{A263E3E0-E046-4E31-9024-7491884E89C9}.AppStore|ARM.Deploy.0 = Release|ARM
		{A263E3E0-E046-4E31-9024-7491884E89C9}.AppStore|iPhone.ActiveCfg = Release|x86
		{A263E3E0-E046-4E31-9024-7491884E89C9}.AppStore|iPhone.Build.0 = Release|x86
		{A263E3E0-E046-4E31-9024-7491884E89C9}.AppStore|iPhone.Deploy.0 = Release|x86
		{A263E3E0-E046-4E31-9024-7491884E89C9}.AppStore|iPhoneSimulator.ActiveCfg = Release|x86
		{A263E3E0-E046-4E31-9024-7491884E89C9}.AppStore|iPhoneSimulator.Build.0 = Release|x86
		{A263E3E0-E046-4E31-9024-7491884E89C9}.AppStore|iPhoneSimulator.Deploy.0 = Release|x86
		{A263E3E0-E046-4E31-9024-7491884E89C9}.AppStore|x64.ActiveCfg = Release|x64
		{A263E3E0-E046-4E31-9024-7491884E89C9}.AppStore|x64.Build.0 = Release|x64
		{A263E3E0-E046-4E31-9024-7491884E89C9}.AppStore|x64.Deploy.0 = Release|x64
		{A263E3E0-E046-4E31-9024-7491884E89C9}.AppStore|x86.ActiveCfg = Release|x86
		{A263E3E0-E046-4E31-9024-7491884E89C9}.AppStore|x86.Build.0 = Release|x86
		{A263E3E0-E046-4E31-9024-7491884E89C9}.AppStore|x86.Deploy.0 = Release|x86
		{A263E3E0-E046-4E31-9024-7491884E89C9}.Debug|Any CPU.ActiveCfg = Debug|x86
		{A263E3E0-E046-4E31-9024-7491884E89C9}.Debug|ARM.ActiveCfg = Debug|ARM
		{A263E3E0-E046-4E31-9024-7491884E89C9}.Debug|ARM.Build.0 = Debug|ARM
		{A263E3E0-E046-4E31-9024-7491884E89C9}.Debug|ARM.Deploy.0 = Debug|ARM
		{A263E3E0-E046-4E31-9024-7491884E89C9}.Debug|iPhone.ActiveCfg = Debug|x86
		{A263E3E0-E046-4E31-9024-7491884E89C9}.Debug|iPhoneSimulator.ActiveCfg = Debug|x86
		{A263E3E0-E046-4E31-9024-7491884E89C9}.Debug|x64.ActiveCfg = Debug|x64
		{A263E3E0-E046-4E31-9024-7491884E89C9}.Debug|x64.Build.0 = Debug|x64
		{A263E3E0-E046-4E31-9024-7491884E89C9}.Debug|x64.Deploy.0 = Debug|x64
		{A263E3E0-E046-4E31-9024-7491884E89C9}.Debug|x86.ActiveCfg = Debug|x86
		{A263E3E0-E046-4E31-9024-7491884E89C9}.Debug|x86.Build.0 = Debug|x86
		{A263E3E0-E046-4E31-9024-7491884E89C9}.Debug|x86.Deploy.0 = Debug|x86
		{A263E3E0-E046-4E31-9024-7491884E89C9}.Release|Any CPU.ActiveCfg = Release|x86
		{A263E3E0-E046-4E31-9024-7491884E89C9}.Release|ARM.ActiveCfg = Release|ARM
		{A263E3E0-E046-4E31-9024-7491884E89C9}.Release|ARM.Build.0 = Release|ARM
		{A263E3E0-E046-4E31-9024-7491884E89C9}.Release|ARM.Deploy.0 = Release|ARM
		{A263E3E0-E046-4E31-9024-7491884E89C9}.Release|iPhone.ActiveCfg = Release|x86
		{A263E3E0-E046-4E31-9024-7491884E89C9}.Release|iPhoneSimulator.ActiveCfg = Release|x86
		{A263E3E0-E046-4E31-9024-7491884E89C9}.Release|x64.ActiveCfg = Release|x64
		{A263E3E0-E046-4E31-9024-7491884E89C9}.Release|x64.Build.0 = Release|x64
		{A263E3E0-E046-4E31-9024-7491884E89C9}.Release|x64.Deploy.0 = Release|x64
		{A263E3E0-E046-4E31-9024-7491884E89C9}.Release|x86.ActiveCfg = Release|x86
		{A263E3E0-E046-4E31-9024-7491884E89C9}.Release|x86.Build.0 = Release|x86
		{A263E3E0-E046-4E31-9024-7491884E89C9}.Release|x86.Deploy.0 = Release|x86
	EndGlobalSection
	GlobalSection(SolutionProperties) = preSolution
		HideSolutionNode = FALSE
	EndGlobalSection
	GlobalSection(ExtensibilityGlobals) = postSolution
		SolutionGuid = {61D63617-25E0-47F1-A151-CC80FAB27989}
	EndGlobalSection
EndGlobal
